
Microsoft Visual Studio Solution File, Format Version 12.00
# Visual Studio 15
Project("{FAE04EC0-301F-11D3-BF4B-00C04F79EFBC}") = "penguinNeedies", "penguinNeedies.csproj", "{0DFBF0F5-13B2-7D0E-0A1F-66E4D10AA025}"
EndProject
Project("{FAE04EC0-301F-11D3-BF4B-00C04F79EFBC}") = "penguinNeedies-Editor", "penguinNeedies-Editor.csproj", "{8D3D9621-6AC4-1401-F2C6-D356587E0C87}"
EndProject
Global
	GlobalSection(SolutionConfigurationPlatforms) = preSolution
		Debug|Any CPU = Debug|Any CPU
		Release|Any CPU = Release|Any CPU
	EndGlobalSection
	GlobalSection(ProjectConfigurationPlatforms) = postSolution
		{0DFBF0F5-13B2-7D0E-0A1F-66E4D10AA025}.Debug|Any CPU.ActiveCfg = Debug|Any CPU
		{0DFBF0F5-13B2-7D0E-0A1F-66E4D10AA025}.Debug|Any CPU.Build.0 = Debug|Any CPU
		{0DFBF0F5-13B2-7D0E-0A1F-66E4D10AA025}.Release|Any CPU.ActiveCfg = Release|Any CPU
		{0DFBF0F5-13B2-7D0E-0A1F-66E4D10AA025}.Release|Any CPU.Build.0 = Release|Any CPU
		{8D3D9621-6AC4-1401-F2C6-D356587E0C87}.Debug|Any CPU.ActiveCfg = Debug|Any CPU
		{8D3D9621-6AC4-1401-F2C6-D356587E0C87}.Debug|Any CPU.Build.0 = Debug|Any CPU
		{8D3D9621-6AC4-1401-F2C6-D356587E0C87}.Release|Any CPU.ActiveCfg = Release|Any CPU
		{8D3D9621-6AC4-1401-F2C6-D356587E0C87}.Release|Any CPU.Build.0 = Release|Any CPU
	EndGlobalSection
	GlobalSection(SolutionProperties) = preSolution
		HideSolutionNode = FALSE
	EndGlobalSection
EndGlobal
